// !$*UTF8*$!
{
	archiveVersion = 1;
	classes = {
	};
	objectVersion = 46;
	objects = {

/* Begin PBXBuildFile section */
		4CE6CFD019F57156009DC6D5 /* main.m in Sources */ = {isa = PBXBuildFile; fileRef = 4CE6CFCF19F57156009DC6D5 /* main.m */; };
		4CE6CFD319F57156009DC6D5 /* AppDelegate.m in Sources */ = {isa = PBXBuildFile; fileRef = 4CE6CFD219F57156009DC6D5 /* AppDelegate.m */; };
		4CE6CFD619F57156009DC6D5 /* MasterViewController.m in Sources */ = {isa = PBXBuildFile; fileRef = 4CE6CFD519F57156009DC6D5 /* MasterViewController.m */; };
		4CE6CFD919F57156009DC6D5 /* DetailViewController.m in Sources */ = {isa = PBXBuildFile; fileRef = 4CE6CFD819F57156009DC6D5 /* DetailViewController.m */; };
		4CE6CFDC19F57156009DC6D5 /* Main.storyboard in Resources */ = {isa = PBXBuildFile; fileRef = 4CE6CFDA19F57156009DC6D5 /* Main.storyboard */; };
		4CE6CFDE19F57156009DC6D5 /* Images.xcassets in Resources */ = {isa = PBXBuildFile; fileRef = 4CE6CFDD19F57156009DC6D5 /* Images.xcassets */; };
		4CE6CFE119F57156009DC6D5 /* LaunchScreen.xib in Resources */ = {isa = PBXBuildFile; fileRef = 4CE6CFDF19F57156009DC6D5 /* LaunchScreen.xib */; };
		4CE6CFED19F57156009DC6D5 /* TopArtistsTests.m in Sources */ = {isa = PBXBuildFile; fileRef = 4CE6CFEC19F57156009DC6D5 /* TopArtistsTests.m */; };
		4CE6CFF819F573CC009DC6D5 /* HttpCommunication.m in Sources */ = {isa = PBXBuildFile; fileRef = 4CE6CFF719F573CC009DC6D5 /* HttpCommunication.m */; };
		4CF0C60719F815C500DDFC95 /* ArtistTableViewCell.m in Sources */ = {isa = PBXBuildFile; fileRef = 4CF0C60619F815C500DDFC95 /* ArtistTableViewCell.m */; };
/* End PBXBuildFile section */

/* Begin PBXContainerItemProxy section */
		4CE6CFE719F57156009DC6D5 /* PBXContainerItemProxy */ = {
			isa = PBXContainerItemProxy;
			containerPortal = 4CE6CFC219F57156009DC6D5 /* Project object */;
			proxyType = 1;
			remoteGlobalIDString = 4CE6CFC919F57156009DC6D5;
			remoteInfo = TopArtists;
		};
/* End PBXContainerItemProxy section */

/* Begin PBXFileReference section */
		4CE6CFCA19F57156009DC6D5 /* TopArtists.app */ = {isa = PBXFileReference; explicitFileType = wrapper.application; includeInIndex = 0; path = TopArtists.app; sourceTree = BUILT_PRODUCTS_DIR; };
		4CE6CFCE19F57156009DC6D5 /* Info.plist */ = {isa = PBXFileReference; lastKnownFileType = text.plist.xml; path = Info.plist; sourceTree = "<group>"; };
		4CE6CFCF19F57156009DC6D5 /* main.m */ = {isa = PBXFileReference; lastKnownFileType = sourcecode.c.objc; path = main.m; sourceTree = "<group>"; };
		4CE6CFD119F57156009DC6D5 /* AppDelegate.h */ = {isa = PBXFileReference; lastKnownFileType = sourcecode.c.h; path = AppDelegate.h; sourceTree = "<group>"; };
		4CE6CFD219F57156009DC6D5 /* AppDelegate.m */ = {isa = PBXFileReference; lastKnownFileType = sourcecode.c.objc; path = AppDelegate.m; sourceTree = "<group>"; };
		4CE6CFD419F57156009DC6D5 /* MasterViewController.h */ = {isa = PBXFileReference; lastKnownFileType = sourcecode.c.h; path = MasterViewController.h; sourceTree = "<group>"; };
		4CE6CFD519F57156009DC6D5 /* MasterViewController.m */ = {isa = PBXFileReference; lastKnownFileType = sourcecode.c.objc; path = MasterViewController.m; sourceTree = "<group>"; };
		4CE6CFD719F57156009DC6D5 /* DetailViewController.h */ = {isa = PBXFileReference; lastKnownFileType = sourcecode.c.h; path = DetailViewController.h; sourceTree = "<group>"; };
		4CE6CFD819F57156009DC6D5 /* DetailViewController.m */ = {isa = PBXFileReference; lastKnownFileType = sourcecode.c.objc; path = DetailViewController.m; sourceTree = "<group>"; };
		4CE6CFDB19F57156009DC6D5 /* Base */ = {isa = PBXFileReference; lastKnownFileType = file.storyboard; name = Base; path = Base.lproj/Main.storyboard; sourceTree = "<group>"; };
		4CE6CFDD19F57156009DC6D5 /* Images.xcassets */ = {isa = PBXFileReference; lastKnownFileType = folder.assetcatalog; path = Images.xcassets; sourceTree = "<group>"; };
		4CE6CFE019F57156009DC6D5 /* Base */ = {isa = PBXFileReference; lastKnownFileType = file.xib; name = Base; path = Base.lproj/LaunchScreen.xib; sourceTree = "<group>"; };
		4CE6CFE619F57156009DC6D5 /* TopArtistsTests.xctest */ = {isa = PBXFileReference; explicitFileType = wrapper.cfbundle; includeInIndex = 0; path = TopArtistsTests.xctest; sourceTree = BUILT_PRODUCTS_DIR; };
		4CE6CFEB19F57156009DC6D5 /* Info.plist */ = {isa = PBXFileReference; lastKnownFileType = text.plist.xml; path = Info.plist; sourceTree = "<group>"; };
		4CE6CFEC19F57156009DC6D5 /* TopArtistsTests.m */ = {isa = PBXFileReference; lastKnownFileType = sourcecode.c.objc; path = TopArtistsTests.m; sourceTree = "<group>"; };
		4CE6CFF619F573CC009DC6D5 /* HttpCommunication.h */ = {isa = PBXFileReference; fileEncoding = 4; lastKnownFileType = sourcecode.c.h; path = HttpCommunication.h; sourceTree = "<group>"; };
		4CE6CFF719F573CC009DC6D5 /* HttpCommunication.m */ = {isa = PBXFileReference; fileEncoding = 4; lastKnownFileType = sourcecode.c.objc; path = HttpCommunication.m; sourceTree = "<group>"; };
		4CF0C60519F815C500DDFC95 /* ArtistTableViewCell.h */ = {isa = PBXFileReference; fileEncoding = 4; lastKnownFileType = sourcecode.c.h; path = ArtistTableViewCell.h; sourceTree = "<group>"; };
		4CF0C60619F815C500DDFC95 /* ArtistTableViewCell.m */ = {isa = PBXFileReference; fileEncoding = 4; lastKnownFileType = sourcecode.c.objc; path = ArtistTableViewCell.m; sourceTree = "<group>"; };
/* End PBXFileReference section */

/* Begin PBXFrameworksBuildPhase section */
		4CE6CFC719F57156009DC6D5 /* Frameworks */ = {
			isa = PBXFrameworksBuildPhase;
			buildActionMask = 2147483647;
			files = (
			);
			runOnlyForDeploymentPostprocessing = 0;
		};
		4CE6CFE319F57156009DC6D5 /* Frameworks */ = {
			isa = PBXFrameworksBuildPhase;
			buildActionMask = 2147483647;
			files = (
			);
			runOnlyForDeploymentPostprocessing = 0;
		};
/* End PBXFrameworksBuildPhase section */

/* Begin PBXGroup section */
		4CE6CFC119F57156009DC6D5 = {
			isa = PBXGroup;
			children = (
				4CE6CFCC19F57156009DC6D5 /* TopArtists */,
				4CE6CFE919F57156009DC6D5 /* TopArtistsTests */,
				4CE6CFCB19F57156009DC6D5 /* Products */,
			);
			sourceTree = "<group>";
		};
		4CE6CFCB19F57156009DC6D5 /* Products */ = {
			isa = PBXGroup;
			children = (
				4CE6CFCA19F57156009DC6D5 /* TopArtists.app */,
				4CE6CFE619F57156009DC6D5 /* TopArtistsTests.xctest */,
			);
			name = Products;
			sourceTree = "<group>";
		};
		4CE6CFCC19F57156009DC6D5 /* TopArtists */ = {
			isa = PBXGroup;
			children = (
				4CF0C60519F815C500DDFC95 /* ArtistTableViewCell.h */,
				4CF0C60619F815C500DDFC95 /* ArtistTableViewCell.m */,
				4CE6CFD119F57156009DC6D5 /* AppDelegate.h */,
				4CE6CFD219F57156009DC6D5 /* AppDelegate.m */,
				4CE6CFD419F57156009DC6D5 /* MasterViewController.h */,
				4CE6CFD519F57156009DC6D5 /* MasterViewController.m */,
				4CE6CFD719F57156009DC6D5 /* DetailViewController.h */,
				4CE6CFD819F57156009DC6D5 /* DetailViewController.m */,
				4CE6CFDA19F57156009DC6D5 /* Main.storyboard */,
				4CE6CFF619F573CC009DC6D5 /* HttpCommunication.h */,
				4CE6CFF719F573CC009DC6D5 /* HttpCommunication.m */,
				4CE6CFDD19F57156009DC6D5 /* Images.xcassets */,
				4CE6CFDF19F57156009DC6D5 /* LaunchScreen.xib */,
				4CE6CFCD19F57156009DC6D5 /* Supporting Files */,
			);
			path = TopArtists;
			sourceTree = "<group>";
		};
		4CE6CFCD19F57156009DC6D5 /* Supporting Files */ = {
			isa = PBXGroup;
			children = (
				4CE6CFCE19F57156009DC6D5 /* Info.plist */,
				4CE6CFCF19F57156009DC6D5 /* main.m */,
			);
			name = "Supporting Files";
			sourceTree = "<group>";
		};
		4CE6CFE919F57156009DC6D5 /* TopArtistsTests */ = {
			isa = PBXGroup;
			children = (
				4CE6CFEC19F57156009DC6D5 /* TopArtistsTests.m */,
				4CE6CFEA19F57156009DC6D5 /* Supporting Files */,
			);
			path = TopArtistsTests;
			sourceTree = "<group>";
		};
		4CE6CFEA19F57156009DC6D5 /* Supporting Files */ = {
			isa = PBXGroup;
			children = (
				4CE6CFEB19F57156009DC6D5 /* Info.plist */,
			);
			name = "Supporting Files";
			sourceTree = "<group>";
		};
/* End PBXGroup section */

/* Begin PBXNativeTarget section */
		4CE6CFC919F57156009DC6D5 /* TopArtists */ = {
			isa = PBXNativeTarget;
			buildConfigurationList = 4CE6CFF019F57156009DC6D5 /* Build configuration list for PBXNativeTarget "TopArtists" */;
			buildPhases = (
				4CE6CFC619F57156009DC6D5 /* Sources */,
				4CE6CFC719F57156009DC6D5 /* Frameworks */,
				4CE6CFC819F57156009DC6D5 /* Resources */,
			);
			buildRules = (
			);
			dependencies = (
			);
			name = TopArtists;
			productName = TopArtists;
			productReference = 4CE6CFCA19F57156009DC6D5 /* TopArtists.app */;
			productType = "com.apple.product-type.application";
		};
		4CE6CFE519F57156009DC6D5 /* TopArtistsTests */ = {
			isa = PBXNativeTarget;
			buildConfigurationList = 4CE6CFF319F57156009DC6D5 /* Build configuration list for PBXNativeTarget "TopArtistsTests" */;
			buildPhases = (
				4CE6CFE219F57156009DC6D5 /* Sources */,
				4CE6CFE319F57156009DC6D5 /* Frameworks */,
				4CE6CFE419F57156009DC6D5 /* Resources */,
			);
			buildRules = (
			);
			dependencies = (
				4CE6CFE819F57156009DC6D5 /* PBXTargetDependency */,
			);
			name = TopArtistsTests;
			productName = TopArtistsTests;
			productReference = 4CE6CFE619F57156009DC6D5 /* TopArtistsTests.xctest */;
			productType = "com.apple.product-type.bundle.unit-test";
		};
/* End PBXNativeTarget section */

/* Begin PBXProject section */
		4CE6CFC219F57156009DC6D5 /* Project object */ = {
			isa = PBXProject;
			attributes = {
				LastUpgradeCheck = 0600;
				ORGANIZATIONNAME = "hartung-michael";
				TargetAttributes = {
					4CE6CFC919F57156009DC6D5 = {
						CreatedOnToolsVersion = 6.0.1;
					};
					4CE6CFE519F57156009DC6D5 = {
						CreatedOnToolsVersion = 6.0.1;
						TestTargetID = 4CE6CFC919F57156009DC6D5;
					};
				};
			};
			buildConfigurationList = 4CE6CFC519F57156009DC6D5 /* Build configuration list for PBXProject "TopArtists" */;
			compatibilityVersion = "Xcode 3.2";
			developmentRegion = English;
			hasScannedForEncodings = 0;
			knownRegions = (
				en,
				Base,
			);
			mainGroup = 4CE6CFC119F57156009DC6D5;
			productRefGroup = 4CE6CFCB19F57156009DC6D5 /* Products */;
			projectDirPath = "";
			projectRoot = "";
			targets = (
				4CE6CFC919F57156009DC6D5 /* TopArtists */,
				4CE6CFE519F57156009DC6D5 /* TopArtistsTests */,
			);
		};
/* End PBXProject section */

/* Begin PBXResourcesBuildPhase section */
		4CE6CFC819F57156009DC6D5 /* Resources */ = {
			isa = PBXResourcesBuildPhase;
			buildActionMask = 2147483647;
			files = (
				4CE6CFDC19F57156009DC6D5 /* Main.storyboard in Resources */,
				4CE6CFE119F57156009DC6D5 /* LaunchScreen.xib in Resources */,
				4CE6CFDE19F57156009DC6D5 /* Images.xcassets in Resources */,
			);
			runOnlyForDeploymentPostprocessing = 0;
		};
		4CE6CFE419F57156009DC6D5 /* Resources */ = {
			isa = PBXResourcesBuildPhase;
			buildActionMask = 2147483647;
			files = (
			);
			runOnlyForDeploymentPostprocessing = 0;
		};
/* End PBXResourcesBuildPhase section */

/* Begin PBXSourcesBuildPhase section */
		4CE6CFC619F57156009DC6D5 /* Sources */ = {
			isa = PBXSourcesBuildPhase;
			buildActionMask = 2147483647;
			files = (
				4CE6CFD319F57156009DC6D5 /* AppDelegate.m in Sources */,
				4CE6CFD619F57156009DC6D5 /* MasterViewController.m in Sources */,
				4CF0C60719F815C500DDFC95 /* ArtistTableViewCell.m in Sources */,
				4CE6CFD019F57156009DC6D5 /* main.m in Sources */,
				4CE6CFF819F573CC009DC6D5 /* HttpCommunication.m in Sources */,
				4CE6CFD919F57156009DC6D5 /* DetailViewController.m in Sources */,
			);
			runOnlyForDeploymentPostprocessing = 0;
		};
		4CE6CFE219F57156009DC6D5 /* Sources */ = {
			isa = PBXSourcesBuildPhase;
			buildActionMask = 2147483647;
			files = (
				4CE6CFED19F57156009DC6D5 /* TopArtistsTests.m in Sources */,
			);
			runOnlyForDeploymentPostprocessing = 0;
		};
/* End PBXSourcesBuildPhase section */

/* Begin PBXTargetDependency section */
		4CE6CFE819F57156009DC6D5 /* PBXTargetDependency */ = {
			isa = PBXTargetDependency;
			target = 4CE6CFC919F57156009DC6D5 /* TopArtists */;
			targetProxy = 4CE6CFE719F57156009DC6D5 /* PBXContainerItemProxy */;
		};
/* End PBXTargetDependency section */

/* Begin PBXVariantGroup section */
		4CE6CFDA19F57156009DC6D5 /* Main.storyboard */ = {
			isa = PBXVariantGroup;
			children = (
				4CE6CFDB19F57156009DC6D5 /* Base */,
			);
			name = Main.storyboard;
			sourceTree = "<group>";
		};
		4CE6CFDF19F57156009DC6D5 /* LaunchScreen.xib */ = {
			isa = PBXVariantGroup;
			children = (
				4CE6CFE019F57156009DC6D5 /* Base */,
			);
			name = LaunchScreen.xib;
			sourceTree = "<group>";
		};
/* End PBXVariantGroup section */

/* Begin XCBuildConfiguration section */
		4CE6CFEE19F57156009DC6D5 /* Debug */ = {
			isa = XCBuildConfiguration;
			buildSettings = {
				ALWAYS_SEARCH_USER_PATHS = NO;
				CLANG_CXX_LANGUAGE_STANDARD = "gnu++0x";
				CLANG_CXX_LIBRARY = "libc++";
				CLANG_ENABLE_MODULES = YES;
				CLANG_ENABLE_OBJC_ARC = YES;
				CLANG_WARN_BOOL_CONVERSION = YES;
				CLANG_WARN_CONSTANT_CONVERSION = YES;
				CLANG_WARN_DIRECT_OBJC_ISA_USAGE = YES_ERROR;
				CLANG_WARN_EMPTY_BODY = YES;
				CLANG_WARN_ENUM_CONVERSION = YES;
				CLANG_WARN_INT_CONVERSION = YES;
				CLANG_WARN_OBJC_ROOT_CLASS = YES_ERROR;
				CLANG_WARN_UNREACHABLE_CODE = YES;
				CLANG_WARN__DUPLICATE_METHOD_MATCH = YES;
				"CODE_SIGN_IDENTITY[sdk=iphoneos*]" = "iPhone Developer";
				COPY_PHASE_STRIP = NO;
				ENABLE_STRICT_OBJC_MSGSEND = YES;
				GCC_C_LANGUAGE_STANDARD = gnu99;
				GCC_DYNAMIC_NO_PIC = NO;
				GCC_OPTIMIZATION_LEVEL = 0;
				GCC_PREPROCESSOR_DEFINITIONS = (
					"DEBUG=1",
					"$(inherited)",
				);
				GCC_SYMBOLS_PRIVATE_EXTERN = NO;
				GCC_WARN_64_TO_32_BIT_CONVERSION = YES;
				GCC_WARN_ABOUT_RETURN_TYPE = YES_ERROR;
				GCC_WARN_UNDECLARED_SELECTOR = YES;
				GCC_WARN_UNINITIALIZED_AUTOS = YES_AGGRESSIVE;
				GCC_WARN_UNUSED_FUNCTION = YES;
				GCC_WARN_UNUSED_VARIABLE = YES;
				IPHONEOS_DEPLOYMENT_TARGET = 8.0;
				MTL_ENABLE_DEBUG_INFO = YES;
				ONLY_ACTIVE_ARCH = YES;
				SDKROOT = iphoneos;
			};
			name = Debug;
		};
		4CE6CFEF19F57156009DC6D5 /* Release */ = {
			isa = XCBuildConfiguration;
			buildSettings = {
				ALWAYS_SEARCH_USER_PATHS = NO;
				CLANG_CXX_LANGUAGE_STANDARD = "gnu++0x";
				CLANG_CXX_LIBRARY = "libc++";
				CLANG_ENABLE_MODULES = YES;
				CLANG_ENABLE_OBJC_ARC = YES;
				CLANG_WARN_BOOL_CONVERSION = YES;
				CLANG_WARN_CONSTANT_CONVERSION = YES;
				CLANG_WARN_DIRECT_OBJC_ISA_USAGE = YES_ERROR;
				CLANG_WARN_EMPTY_BODY = YES;
				CLANG_WARN_ENUM_CONVERSION = YES;
				CLANG_WARN_INT_CONVERSION = YES;
				CLANG_WARN_OBJC_ROOT_CLASS = YES_ERROR;
				CLANG_WARN_UNREACHABLE_CODE = YES;
				CLANG_WARN__DUPLICATE_METHOD_MATCH = YES;
				"CODE_SIGN_IDENTITY[sdk=iphoneos*]" = "iPhone Developer";
				COPY_PHASE_STRIP = YES;
				ENABLE_NS_ASSERTIONS = NO;
				ENABLE_STRICT_OBJC_MSGSEND = YES;
				GCC_C_LANGUAGE_STANDARD = gnu99;
				GCC_WARN_64_TO_32_BIT_CONVERSION = YES;
				GCC_WARN_ABOUT_RETURN_TYPE = YES_ERROR;
				GCC_WARN_UNDECLARED_SELECTOR = YES;
				GCC_WARN_UNINITIALIZED_AUTOS = YES_AGGRESSIVE;
				GCC_WARN_UNUSED_FUNCTION = YES;
				GCC_WARN_UNUSED_VARIABLE = YES;
				IPHONEOS_DEPLOYMENT_TARGET = 8.0;
				MTL_ENABLE_DEBUG_INFO = NO;
				SDKROOT = iphoneos;
				VALIDATE_PRODUCT = YES;
			};
			name = Release;
		};
		4CE6CFF119F57156009DC6D5 /* Debug */ = {
			isa = XCBuildConfiguration;
			buildSettings = {
				ASSETCATALOG_COMPILER_APPICON_NAME = AppIcon;
				INFOPLIST_FILE = TopArtists/Info.plist;
				IPHONEOS_DEPLOYMENT_TARGET = 7.1;
				LD_RUNPATH_SEARCH_PATHS = "$(inherited) @executable_path/Frameworks";
				PRODUCT_NAME = "$(TARGET_NAME)";
			};
			name = Debug;
		};
		4CE6CFF219F57156009DC6D5 /* Release */ = {
			isa = XCBuildConfiguration;
			buildSettings = {
				ASSETCATALOG_COMPILER_APPICON_NAME = AppIcon;
				INFOPLIST_FILE = TopArtists/Info.plist;
				IPHONEOS_DEPLOYMENT_TARGET = 7.1;
				LD_RUNPATH_SEARCH_PATHS = "$(inherited) @executable_path/Frameworks";
				PRODUCT_NAME = "$(TARGET_NAME)";
			};
			name = Release;
		};
		4CE6CFF419F57156009DC6D5 /* Debug */ = {
			isa = XCBuildConfiguration;
			buildSettings = {
				BUNDLE_LOADER = "$(TEST_HOST)";
				FRAMEWORK_SEARCH_PATHS = (
					"$(SDKROOT)/Developer/Library/Frameworks",
					"$(inherited)",
				);
				GCC_PREPROCESSOR_DEFINITIONS = (
					"DEBUG=1",
					"$(inherited)",
				);
				INFOPLIST_FILE = TopArtistsTests/Info.plist;
				LD_RUNPATH_SEARCH_PATHS = "$(inherited) @executable_path/Frameworks @loader_path/Frameworks";
				PRODUCT_NAME = "$(TARGET_NAME)";
				TEST_HOST = "$(BUILT_PRODUCTS_DIR)/TopArtists.app/TopArtists";
			};
			name = Debug;
		};
		4CE6CFF519F57156009DC6D5 /* Release */ = {
			isa = XCBuildConfiguration;
			buildSettings = {
				BUNDLE_LOADER = "$(TEST_HOST)";
				FRAMEWORK_SEARCH_PATHS = (
					"$(SDKROOT)/Developer/Library/Frameworks",
					"$(inherited)",
				);
				INFOPLIST_FILE = TopArtistsTests/Info.plist;
				LD_RUNPATH_SEARCH_PATHS = "$(inherited) @executable_path/Frameworks @loader_path/Frameworks";
				PRODUCT_NAME = "$(TARGET_NAME)";
				TEST_HOST = "$(BUILT_PRODUCTS_DIR)/TopArtists.app/TopArtists";
			};
			name = Release;
		};
/* End XCBuildConfiguration section */

/* Begin XCConfigurationList section */
		4CE6CFC519F57156009DC6D5 /* Build configuration list for PBXProject "TopArtists" */ = {
			isa = XCConfigurationList;
			buildConfigurations = (
				4CE6CFEE19F57156009DC6D5 /* Debug */,
				4CE6CFEF19F57156009DC6D5 /* Release */,
			);
			defaultConfigurationIsVisible = 0;
			defaultConfigurationName = Release;
		};
		4CE6CFF019F57156009DC6D5 /* Build configuration list for PBXNativeTarget "TopArtists" */ = {
			isa = XCConfigurationList;
			buildConfigurations = (
				4CE6CFF119F57156009DC6D5 /* Debug */,
				4CE6CFF219F57156009DC6D5 /* Release */,
			);
			defaultConfigurationIsVisible = 0;
			defaultConfigurationName = Release;
		};
		4CE6CFF319F57156009DC6D5 /* Build configuration list for PBXNativeTarget "TopArtistsTests" */ = {
			isa = XCConfigurationList;
			buildConfigurations = (
				4CE6CFF419F57156009DC6D5 /* Debug */,
				4CE6CFF519F57156009DC6D5 /* Release */,
			);
			defaultConfigurationIsVisible = 0;
			defaultConfigurationName = Release;
		};
/* End XCConfigurationList section */
	};
	rootObject = 4CE6CFC219F57156009DC6D5 /* Project object */;
}
